
Microsoft Visual Studio Solution File, Format Version 12.00
# Visual Studio Version 17
VisualStudioVersion = 17.2.32526.322
MinimumVisualStudioVersion = 10.0.40219.1
Project("{9A19103F-16F7-4668-BE54-9A1E7A4F7556}") = "back-end", "back-end.csproj", "{BA21BC7A-FBC1-42B2-9103-769C3735ECDC}"
EndProject
Global
	GlobalSection(SolutionConfigurationPlatforms) = preSolution
		Debug|Any CPU = Debug|Any CPU
		Release|Any CPU = Release|Any CPU
	EndGlobalSection
	GlobalSection(ProjectConfigurationPlatforms) = postSolution
		{BA21BC7A-FBC1-42B2-9103-769C3735ECDC}.Debug|Any CPU.ActiveCfg = Debug|Any CPU
		{BA21BC7A-FBC1-42B2-9103-769C3735ECDC}.Debug|Any CPU.Build.0 = Debug|Any CPU
		{BA21BC7A-FBC1-42B2-9103-769C3735ECDC}.Release|Any CPU.ActiveCfg = Release|Any CPU
		{BA21BC7A-FBC1-42B2-9103-769C3735ECDC}.Release|Any CPU.Build.0 = Release|Any CPU
	EndGlobalSection
	GlobalSection(SolutionProperties) = preSolution
		HideSolutionNode = FALSE
	EndGlobalSection
	GlobalSection(ExtensibilityGlobals) = postSolution
		SolutionGuid = {2F4FA7C3-8917-4F62-9069-FC11517C14CF}
	EndGlobalSection
EndGlobal
