{
  "name": "Project-C",
  "lockfileVersion": 2,
  "requires": true,
  "packages": {
    "": {
      "name": "Project-C",
      "dependencies": {
        "mailkit": "^0.1.6"
      }
    },
    "node_modules/addressparser": {
      "version": "1.0.1",
      "resolved": "https://registry.npmjs.org/addressparser/-/addressparser-1.0.1.tgz",
      "integrity": "sha512-aQX7AISOMM7HFE0iZ3+YnD07oIeJqWGVnJ+ZIKaBZAk03ftmVYVqsGas/rbXKR21n4D/hKCSHypvcyOkds/xzg=="
    },
    "node_modules/basictemplate": {
      "version": "0.1.8",
      "resolved": "https://registry.npmjs.org/basictemplate/-/basictemplate-0.1.8.tgz",
      "integrity": "sha512-/ED1IW9J4EsQrVFuBo+x+pQG6NrTI7HZM5RNy0/zXvsh37dmaBT73az2vJs0LTqykJb6wuGnkeJZG+aCOP2dIQ==",
      "engines": {
        "node": "*"
      }
    },
    "node_modules/buildmail": {
      "version": "4.0.1",
      "resolved": "https://registry.npmjs.org/buildmail/-/buildmail-4.0.1.tgz",
      "integrity": "sha512-PteB0jkrHMtrHaN5YSlEubdLBuYJQAq/ue11RC5uKpfWiTbxy4vqcvRWRgkHK09K+4fAjt2A6jl5D9k8/7imqg==",
      "deprecated": "This project is unmaintained",
      "dependencies": {
        "addressparser": "1.0.1",
        "libbase64": "0.1.0",
        "libmime": "3.0.0",
        "libqp": "1.1.0",
        "nodemailer-fetch": "1.6.0",
        "nodemailer-shared": "1.1.0",
        "punycode": "1.4.1"
      }
    },
    "node_modules/iconv-lite": {
      "version": "0.4.15",
      "resolved": "https://registry.npmjs.org/iconv-lite/-/iconv-lite-0.4.15.tgz",
      "integrity": "sha512-RGR+c9Lm+tLsvU57FTJJtdbv2hQw42Yl2n26tVIBaYmZzLN+EGfroUugN/z9nJf9kOXd49hBmpoGr4FEm+A4pw==",
      "engines": {
        "node": ">=0.10.0"
      }
    },
    "node_modules/libbase64": {
      "version": "0.1.0",
      "resolved": "https://registry.npmjs.org/libbase64/-/libbase64-0.1.0.tgz",
      "integrity": "sha512-B91jifmFw1DKEqEWstSpg1PbtUbBzR4yQAPT86kCQXBtud1AJVA+Z6RSklSrqmKe4q2eiEufgnhqJKPgozzfIQ=="
    },
    "node_modules/libmime": {
      "version": "3.0.0",
      "resolved": "https://registry.npmjs.org/libmime/-/libmime-3.0.0.tgz",
      "integrity": "sha512-o1VR5Qjw4i89trcJ+VOhomgqsztBWukQY9MQLV3aMEdtzMa+V6pBSz+0qO55+hTET2lpSOuDTj1Ke/X20D459w==",
      "dependencies": {
        "iconv-lite": "0.4.15",
        "libbase64": "0.1.0",
        "libqp": "1.1.0"
      }
    },
    "node_modules/libqp": {
      "version": "1.1.0",
      "resolved": "https://registry.npmjs.org/libqp/-/libqp-1.1.0.tgz",
      "integrity": "sha512-4Rgfa0hZpG++t1Vi2IiqXG9Ad1ig4QTmtuZF946QJP4bPqOYC78ixUXgz5TW/wE7lNaNKlplSYTxQ+fR2KZ0EA=="
    },
    "node_modules/mailcomposer": {
      "version": "4.0.2",
      "resolved": "https://registry.npmjs.org/mailcomposer/-/mailcomposer-4.0.2.tgz",
      "integrity": "sha512-+VXBGApQ0OaiwX8D0ZuD0XACl6lsg76tRp07hdEhGMk8TuZ+k3USFLUz179MfM//sDYR8/GlooMXp/XholOhRg==",
      "deprecated": "This project is unmaintained",
      "dependencies": {
        "buildmail": "4.0.1",
        "libmime": "3.0.0"
      }
    },
    "node_modules/mailkit": {
      "version": "0.1.6",
      "resolved": "https://registry.npmjs.org/mailkit/-/mailkit-0.1.6.tgz",
      "integrity": "sha512-8dQGees0OuOMNBoa0ajCkXL4inO1fuACyTGwv1LusTmbTjE05YTDe3MIBbzzKKOGwgDBozQ1x3DmCU2sKvUG+Q==",
      "dependencies": {
        "basictemplate": "0.1.8",
        "nodemailer": "0.3.26"
      },
      "engines": {
        "node": "*"
      }
    },
    "node_modules/minimist": {
      "version": "0.0.10",
      "resolved": "https://registry.npmjs.org/minimist/-/minimist-0.0.10.tgz",
      "integrity": "sha512-iotkTvxc+TwOm5Ieim8VnSNvCDjCK9S8G3scJ50ZthspSxa7jx50jkhYduuAtAjvfDUwSgOwf8+If99AlOEhyw=="
    },
    "node_modules/nodemailer": {
      "version": "0.3.26",
      "resolved": "https://registry.npmjs.org/nodemailer/-/nodemailer-0.3.26.tgz",
      "integrity": "sha512-FLI+bHnNY4UalQUP2CIzRHmuDX8sDj4L73X+Pr1qVTTSDPpo4BYTSppEiT+seAmQPQLFnw+RtEsr3cYRu4zeCA==",
      "deprecated": "All versions below 4.0.1 of Nodemailer are deprecated. See https://nodemailer.com/status/",
      "dependencies": {
        "mailcomposer": ">= 0.1.15",
        "optimist": "*",
        "simplesmtp": ">= 0.1.19"
      },
      "bin": {
        "nodemailer": "bin/nodemailer"
      }
    },
    "node_modules/nodemailer-fetch": {
      "version": "1.6.0",
      "resolved": "https://registry.npmjs.org/nodemailer-fetch/-/nodemailer-fetch-1.6.0.tgz",
      "integrity": "sha512-P7S5CEVGAmDrrpn351aXOLYs1R/7fD5NamfMCHyi6WIkbjS2eeZUB/TkuvpOQr0bvRZicVqo59+8wbhR3yrJbQ=="
    },
    "node_modules/nodemailer-shared": {
      "version": "1.1.0",
      "resolved": "https://registry.npmjs.org/nodemailer-shared/-/nodemailer-shared-1.1.0.tgz",
      "integrity": "sha512-68xW5LSyPWv8R0GLm6veAvm7E+XFXkVgvE3FW0FGxNMMZqMkPFeGDVALfR1DPdSfcoO36PnW7q5AAOgFImEZGg==",
      "dependencies": {
        "nodemailer-fetch": "1.6.0"
      }
    },
    "node_modules/optimist": {
      "version": "0.6.1",
      "resolved": "https://registry.npmjs.org/optimist/-/optimist-0.6.1.tgz",
      "integrity": "sha512-snN4O4TkigujZphWLN0E//nQmm7790RYaE53DdL7ZYwee2D8DDo9/EyYiKUfN3rneWUjhJnueija3G9I2i0h3g==",
      "dependencies": {
        "minimist": "~0.0.1",
        "wordwrap": "~0.0.2"
      }
    },
    "node_modules/punycode": {
      "version": "1.4.1",
      "resolved": "https://registry.npmjs.org/punycode/-/punycode-1.4.1.tgz",
      "integrity": "sha512-jmYNElW7yvO7TV33CjSmvSiE2yco3bV2czu/OzDKdMNVZQWfxCblURLhf+47syQRBntjfLdd/H0egrzIG+oaFQ=="
    },
    "node_modules/rai": {
      "version": "0.1.12",
      "resolved": "https://registry.npmjs.org/rai/-/rai-0.1.12.tgz",
      "integrity": "sha512-2hGgkmT6rH8RCWDcpj71QGOliE2M0BH3AThwA10PBmvADpDnVhZuM7wzsZtzpkZBSBMxzkV+II3JLHDoneDXEA==",
      "engines": [
        "node >=0.4.0"
      ]
    },
    "node_modules/simplesmtp": {
      "version": "0.3.35",
      "resolved": "https://registry.npmjs.org/simplesmtp/-/simplesmtp-0.3.35.tgz",
      "integrity": "sha512-iyZStSmRkqM2Cdu74pPbOytjv6wq5RPI78Gzw8vmmW5dclEDhuwAfwvo8XzrAdlrzBPs1VSNGxiN22Fj0lF9AA==",
      "dependencies": {
        "rai": "~0.1.11",
        "xoauth2": "~0.1.8"
      },
      "engines": {
        "node": ">=0.8.0"
      }
    },
    "node_modules/wordwrap": {
      "version": "0.0.3",
      "resolved": "https://registry.npmjs.org/wordwrap/-/wordwrap-0.0.3.tgz",
      "integrity": "sha512-1tMA907+V4QmxV7dbRvb4/8MaRALK6q9Abid3ndMYnbyo8piisCmeONVqVSXqQA3KaP4SLt5b7ud6E2sqP8TFw==",
      "engines": {
        "node": ">=0.4.0"
      }
    },
    "node_modules/xoauth2": {
      "version": "0.1.8",
      "resolved": "https://registry.npmjs.org/xoauth2/-/xoauth2-0.1.8.tgz",
      "integrity": "sha512-pIjeEM2qvkwE23U6mnugihmlntul1Z+TqOhkZ9/5oE3opRGnSIQ7Srb+0M9BkEKgcVhqCFfhNh3zWcE3EvMfVQ=="
    }
  },
  "dependencies": {
    "addressparser": {
      "version": "1.0.1",
      "resolved": "https://registry.npmjs.org/addressparser/-/addressparser-1.0.1.tgz",
      "integrity": "sha512-aQX7AISOMM7HFE0iZ3+YnD07oIeJqWGVnJ+ZIKaBZAk03ftmVYVqsGas/rbXKR21n4D/hKCSHypvcyOkds/xzg=="
    },
    "basictemplate": {
      "version": "0.1.8",
      "resolved": "https://registry.npmjs.org/basictemplate/-/basictemplate-0.1.8.tgz",
      "integrity": "sha512-/ED1IW9J4EsQrVFuBo+x+pQG6NrTI7HZM5RNy0/zXvsh37dmaBT73az2vJs0LTqykJb6wuGnkeJZG+aCOP2dIQ=="
    },
    "buildmail": {
      "version": "4.0.1",
      "resolved": "https://registry.npmjs.org/buildmail/-/buildmail-4.0.1.tgz",
      "integrity": "sha512-PteB0jkrHMtrHaN5YSlEubdLBuYJQAq/ue11RC5uKpfWiTbxy4vqcvRWRgkHK09K+4fAjt2A6jl5D9k8/7imqg==",
      "requires": {
        "addressparser": "1.0.1",
        "libbase64": "0.1.0",
        "libmime": "3.0.0",
        "libqp": "1.1.0",
        "nodemailer-fetch": "1.6.0",
        "nodemailer-shared": "1.1.0",
        "punycode": "1.4.1"
      }
    },
    "iconv-lite": {
      "version": "0.4.15",
      "resolved": "https://registry.npmjs.org/iconv-lite/-/iconv-lite-0.4.15.tgz",
      "integrity": "sha512-RGR+c9Lm+tLsvU57FTJJtdbv2hQw42Yl2n26tVIBaYmZzLN+EGfroUugN/z9nJf9kOXd49hBmpoGr4FEm+A4pw=="
    },
    "libbase64": {
      "version": "0.1.0",
      "resolved": "https://registry.npmjs.org/libbase64/-/libbase64-0.1.0.tgz",
      "integrity": "sha512-B91jifmFw1DKEqEWstSpg1PbtUbBzR4yQAPT86kCQXBtud1AJVA+Z6RSklSrqmKe4q2eiEufgnhqJKPgozzfIQ=="
    },
    "libmime": {
      "version": "3.0.0",
      "resolved": "https://registry.npmjs.org/libmime/-/libmime-3.0.0.tgz",
      "integrity": "sha512-o1VR5Qjw4i89trcJ+VOhomgqsztBWukQY9MQLV3aMEdtzMa+V6pBSz+0qO55+hTET2lpSOuDTj1Ke/X20D459w==",
      "requires": {
        "iconv-lite": "0.4.15",
        "libbase64": "0.1.0",
        "libqp": "1.1.0"
      }
    },
    "libqp": {
      "version": "1.1.0",
      "resolved": "https://registry.npmjs.org/libqp/-/libqp-1.1.0.tgz",
      "integrity": "sha512-4Rgfa0hZpG++t1Vi2IiqXG9Ad1ig4QTmtuZF946QJP4bPqOYC78ixUXgz5TW/wE7lNaNKlplSYTxQ+fR2KZ0EA=="
    },
    "mailcomposer": {
      "version": "4.0.2",
      "resolved": "https://registry.npmjs.org/mailcomposer/-/mailcomposer-4.0.2.tgz",
      "integrity": "sha512-+VXBGApQ0OaiwX8D0ZuD0XACl6lsg76tRp07hdEhGMk8TuZ+k3USFLUz179MfM//sDYR8/GlooMXp/XholOhRg==",
      "requires": {
        "buildmail": "4.0.1",
        "libmime": "3.0.0"
      }
    },
    "mailkit": {
      "version": "0.1.6",
      "resolved": "https://registry.npmjs.org/mailkit/-/mailkit-0.1.6.tgz",
      "integrity": "sha512-8dQGees0OuOMNBoa0ajCkXL4inO1fuACyTGwv1LusTmbTjE05YTDe3MIBbzzKKOGwgDBozQ1x3DmCU2sKvUG+Q==",
      "requires": {
        "basictemplate": "0.1.8",
        "nodemailer": "0.3.26"
      }
    },
    "minimist": {
      "version": "0.0.10",
      "resolved": "https://registry.npmjs.org/minimist/-/minimist-0.0.10.tgz",
      "integrity": "sha512-iotkTvxc+TwOm5Ieim8VnSNvCDjCK9S8G3scJ50ZthspSxa7jx50jkhYduuAtAjvfDUwSgOwf8+If99AlOEhyw=="
    },
    "nodemailer": {
      "version": "0.3.26",
      "resolved": "https://registry.npmjs.org/nodemailer/-/nodemailer-0.3.26.tgz",
      "integrity": "sha512-FLI+bHnNY4UalQUP2CIzRHmuDX8sDj4L73X+Pr1qVTTSDPpo4BYTSppEiT+seAmQPQLFnw+RtEsr3cYRu4zeCA==",
      "requires": {
        "mailcomposer": ">= 0.1.15",
        "optimist": "*",
        "simplesmtp": ">= 0.1.19"
      }
    },
    "nodemailer-fetch": {
      "version": "1.6.0",
      "resolved": "https://registry.npmjs.org/nodemailer-fetch/-/nodemailer-fetch-1.6.0.tgz",
      "integrity": "sha512-P7S5CEVGAmDrrpn351aXOLYs1R/7fD5NamfMCHyi6WIkbjS2eeZUB/TkuvpOQr0bvRZicVqo59+8wbhR3yrJbQ=="
    },
    "nodemailer-shared": {
      "version": "1.1.0",
      "resolved": "https://registry.npmjs.org/nodemailer-shared/-/nodemailer-shared-1.1.0.tgz",
      "integrity": "sha512-68xW5LSyPWv8R0GLm6veAvm7E+XFXkVgvE3FW0FGxNMMZqMkPFeGDVALfR1DPdSfcoO36PnW7q5AAOgFImEZGg==",
      "requires": {
        "nodemailer-fetch": "1.6.0"
      }
    },
    "optimist": {
      "version": "0.6.1",
      "resolved": "https://registry.npmjs.org/optimist/-/optimist-0.6.1.tgz",
      "integrity": "sha512-snN4O4TkigujZphWLN0E//nQmm7790RYaE53DdL7ZYwee2D8DDo9/EyYiKUfN3rneWUjhJnueija3G9I2i0h3g==",
      "requires": {
        "minimist": "~0.0.1",
        "wordwrap": "~0.0.2"
      }
    },
    "punycode": {
      "version": "1.4.1",
      "resolved": "https://registry.npmjs.org/punycode/-/punycode-1.4.1.tgz",
      "integrity": "sha512-jmYNElW7yvO7TV33CjSmvSiE2yco3bV2czu/OzDKdMNVZQWfxCblURLhf+47syQRBntjfLdd/H0egrzIG+oaFQ=="
    },
    "rai": {
      "version": "0.1.12",
      "resolved": "https://registry.npmjs.org/rai/-/rai-0.1.12.tgz",
      "integrity": "sha512-2hGgkmT6rH8RCWDcpj71QGOliE2M0BH3AThwA10PBmvADpDnVhZuM7wzsZtzpkZBSBMxzkV+II3JLHDoneDXEA=="
    },
    "simplesmtp": {
      "version": "0.3.35",
      "resolved": "https://registry.npmjs.org/simplesmtp/-/simplesmtp-0.3.35.tgz",
      "integrity": "sha512-iyZStSmRkqM2Cdu74pPbOytjv6wq5RPI78Gzw8vmmW5dclEDhuwAfwvo8XzrAdlrzBPs1VSNGxiN22Fj0lF9AA==",
      "requires": {
        "rai": "~0.1.11",
        "xoauth2": "~0.1.8"
      }
    },
    "wordwrap": {
      "version": "0.0.3",
      "resolved": "https://registry.npmjs.org/wordwrap/-/wordwrap-0.0.3.tgz",
      "integrity": "sha512-1tMA907+V4QmxV7dbRvb4/8MaRALK6q9Abid3ndMYnbyo8piisCmeONVqVSXqQA3KaP4SLt5b7ud6E2sqP8TFw=="
    },
    "xoauth2": {
      "version": "0.1.8",
      "resolved": "https://registry.npmjs.org/xoauth2/-/xoauth2-0.1.8.tgz",
      "integrity": "sha512-pIjeEM2qvkwE23U6mnugihmlntul1Z+TqOhkZ9/5oE3opRGnSIQ7Srb+0M9BkEKgcVhqCFfhNh3zWcE3EvMfVQ=="
    }
  }
}
