
Microsoft Visual Studio Solution File, Format Version 12.00
# Visual Studio Version 17
VisualStudioVersion = 17.2.32616.157
MinimumVisualStudioVersion = 10.0.40219.1
Project("{FAE04EC0-301F-11D3-BF4B-00C04F79EFBC}") = "ProjectC", "ProjectC.csproj", "{6AECE1C9-00AE-44C0-A79B-E61D1FB4EB01}"
EndProject
Global
	GlobalSection(SolutionConfigurationPlatforms) = preSolution
		Debug|Any CPU = Debug|Any CPU
		Release|Any CPU = Release|Any CPU
	EndGlobalSection
	GlobalSection(ProjectConfigurationPlatforms) = postSolution
		{6AECE1C9-00AE-44C0-A79B-E61D1FB4EB01}.Debug|Any CPU.ActiveCfg = Debug|Any CPU
		{6AECE1C9-00AE-44C0-A79B-E61D1FB4EB01}.Debug|Any CPU.Build.0 = Debug|Any CPU
		{6AECE1C9-00AE-44C0-A79B-E61D1FB4EB01}.Release|Any CPU.ActiveCfg = Release|Any CPU
		{6AECE1C9-00AE-44C0-A79B-E61D1FB4EB01}.Release|Any CPU.Build.0 = Release|Any CPU
	EndGlobalSection
	GlobalSection(SolutionProperties) = preSolution
		HideSolutionNode = FALSE
	EndGlobalSection
	GlobalSection(ExtensibilityGlobals) = postSolution
		SolutionGuid = {29AC4249-EB80-497E-9D58-6A3F23A6EDA7}
	EndGlobalSection
EndGlobal
